// !$*UTF8*$!
{
	archiveVersion = 1;
	classes = {
	};
	objectVersion = 46;
	objects = {

/* Begin PBXBuildFile section */
		7B3C95661DD854DF0019464B /* main.m in Sources */ = {isa = PBXBuildFile; fileRef = 7B3C95651DD854DF0019464B /* main.m */; };
		7B3C95691DD854DF0019464B /* AppDelegate.m in Sources */ = {isa = PBXBuildFile; fileRef = 7B3C95681DD854DF0019464B /* AppDelegate.m */; };
		7B3C956C1DD854DF0019464B /* MasterViewController.m in Sources */ = {isa = PBXBuildFile; fileRef = 7B3C956B1DD854DF0019464B /* MasterViewController.m */; };
		7B3C956F1DD854DF0019464B /* DetailViewController.m in Sources */ = {isa = PBXBuildFile; fileRef = 7B3C956E1DD854DF0019464B /* DetailViewController.m */; };
		7B3C95721DD854DF0019464B /* Main.storyboard in Resources */ = {isa = PBXBuildFile; fileRef = 7B3C95701DD854DF0019464B /* Main.storyboard */; };
		7B3C95741DD854DF0019464B /* Assets.xcassets in Resources */ = {isa = PBXBuildFile; fileRef = 7B3C95731DD854DF0019464B /* Assets.xcassets */; };
		7B3C95771DD854DF0019464B /* LaunchScreen.storyboard in Resources */ = {isa = PBXBuildFile; fileRef = 7B3C95751DD854DF0019464B /* LaunchScreen.storyboard */; };
		7B3C95821DD854DF0019464B /* RealmDemoTests.m in Sources */ = {isa = PBXBuildFile; fileRef = 7B3C95811DD854DF0019464B /* RealmDemoTests.m */; };
		7B3C958E1DD855A30019464B /* Realm.framework in Frameworks */ = {isa = PBXBuildFile; fileRef = 7B3C958D1DD855A30019464B /* Realm.framework */; };
		7B3C95921DD856B90019464B /* Dog.m in Sources */ = {isa = PBXBuildFile; fileRef = 7B3C95911DD856B90019464B /* Dog.m */; };
		7B725A291DDAE2170085D21F /* Realm.framework in Frameworks */ = {isa = PBXBuildFile; fileRef = 7B3C958D1DD855A30019464B /* Realm.framework */; };
		7B725A2A1DDAE2170085D21F /* Realm.framework in Embed Frameworks */ = {isa = PBXBuildFile; fileRef = 7B3C958D1DD855A30019464B /* Realm.framework */; settings = {ATTRIBUTES = (CodeSignOnCopy, RemoveHeadersOnCopy, ); }; };
/* End PBXBuildFile section */

/* Begin PBXContainerItemProxy section */
		7B3C957E1DD854DF0019464B /* PBXContainerItemProxy */ = {
			isa = PBXContainerItemProxy;
			containerPortal = 7B3C95591DD854DE0019464B /* Project object */;
			proxyType = 1;
			remoteGlobalIDString = 7B3C95601DD854DE0019464B;
			remoteInfo = RealmDemo;
		};
/* End PBXContainerItemProxy section */

/* Begin PBXCopyFilesBuildPhase section */
		7B725A2B1DDAE2180085D21F /* Embed Frameworks */ = {
			isa = PBXCopyFilesBuildPhase;
			buildActionMask = 2147483647;
			dstPath = "";
			dstSubfolderSpec = 10;
			files = (
				7B725A2A1DDAE2170085D21F /* Realm.framework in Embed Frameworks */,
			);
			name = "Embed Frameworks";
			runOnlyForDeploymentPostprocessing = 0;
		};
/* End PBXCopyFilesBuildPhase section */

/* Begin PBXFileReference section */
		7B3C95611DD854DF0019464B /* RealmDemo.app */ = {isa = PBXFileReference; explicitFileType = wrapper.application; includeInIndex = 0; path = RealmDemo.app; sourceTree = BUILT_PRODUCTS_DIR; };
		7B3C95651DD854DF0019464B /* main.m */ = {isa = PBXFileReference; lastKnownFileType = sourcecode.c.objc; path = main.m; sourceTree = "<group>"; };
		7B3C95671DD854DF0019464B /* AppDelegate.h */ = {isa = PBXFileReference; lastKnownFileType = sourcecode.c.h; path = AppDelegate.h; sourceTree = "<group>"; };
		7B3C95681DD854DF0019464B /* AppDelegate.m */ = {isa = PBXFileReference; lastKnownFileType = sourcecode.c.objc; path = AppDelegate.m; sourceTree = "<group>"; };
		7B3C956A1DD854DF0019464B /* MasterViewController.h */ = {isa = PBXFileReference; lastKnownFileType = sourcecode.c.h; path = MasterViewController.h; sourceTree = "<group>"; };
		7B3C956B1DD854DF0019464B /* MasterViewController.m */ = {isa = PBXFileReference; lastKnownFileType = sourcecode.c.objc; path = MasterViewController.m; sourceTree = "<group>"; };
		7B3C956D1DD854DF0019464B /* DetailViewController.h */ = {isa = PBXFileReference; lastKnownFileType = sourcecode.c.h; path = DetailViewController.h; sourceTree = "<group>"; };
		7B3C956E1DD854DF0019464B /* DetailViewController.m */ = {isa = PBXFileReference; lastKnownFileType = sourcecode.c.objc; path = DetailViewController.m; sourceTree = "<group>"; };
		7B3C95711DD854DF0019464B /* Base */ = {isa = PBXFileReference; lastKnownFileType = file.storyboard; name = Base; path = Base.lproj/Main.storyboard; sourceTree = "<group>"; };
		7B3C95731DD854DF0019464B /* Assets.xcassets */ = {isa = PBXFileReference; lastKnownFileType = folder.assetcatalog; path = Assets.xcassets; sourceTree = "<group>"; };
		7B3C95761DD854DF0019464B /* Base */ = {isa = PBXFileReference; lastKnownFileType = file.storyboard; name = Base; path = Base.lproj/LaunchScreen.storyboard; sourceTree = "<group>"; };
		7B3C95781DD854DF0019464B /* Info.plist */ = {isa = PBXFileReference; lastKnownFileType = text.plist.xml; path = Info.plist; sourceTree = "<group>"; };
		7B3C957D1DD854DF0019464B /* RealmDemoTests.xctest */ = {isa = PBXFileReference; explicitFileType = wrapper.cfbundle; includeInIndex = 0; path = RealmDemoTests.xctest; sourceTree = BUILT_PRODUCTS_DIR; };
		7B3C95811DD854DF0019464B /* RealmDemoTests.m */ = {isa = PBXFileReference; lastKnownFileType = sourcecode.c.objc; path = RealmDemoTests.m; sourceTree = "<group>"; };
		7B3C95831DD854DF0019464B /* Info.plist */ = {isa = PBXFileReference; lastKnownFileType = text.plist.xml; path = Info.plist; sourceTree = "<group>"; };
		7B3C958D1DD855A30019464B /* Realm.framework */ = {isa = PBXFileReference; lastKnownFileType = wrapper.framework; name = Realm.framework; path = Carthage/Build/iOS/Realm.framework; sourceTree = "<group>"; };
		7B3C95901DD856B90019464B /* Dog.h */ = {isa = PBXFileReference; fileEncoding = 4; lastKnownFileType = sourcecode.c.h; name = Dog.h; path = models/Dog.h; sourceTree = "<group>"; };
		7B3C95911DD856B90019464B /* Dog.m */ = {isa = PBXFileReference; fileEncoding = 4; lastKnownFileType = sourcecode.c.objc; name = Dog.m; path = models/Dog.m; sourceTree = "<group>"; };
/* End PBXFileReference section */

/* Begin PBXFrameworksBuildPhase section */
		7B3C955E1DD854DE0019464B /* Frameworks */ = {
			isa = PBXFrameworksBuildPhase;
			buildActionMask = 2147483647;
			files = (
				7B725A291DDAE2170085D21F /* Realm.framework in Frameworks */,
				7B3C958E1DD855A30019464B /* Realm.framework in Frameworks */,
			);
			runOnlyForDeploymentPostprocessing = 0;
		};
		7B3C957A1DD854DF0019464B /* Frameworks */ = {
			isa = PBXFrameworksBuildPhase;
			buildActionMask = 2147483647;
			files = (
			);
			runOnlyForDeploymentPostprocessing = 0;
		};
/* End PBXFrameworksBuildPhase section */

/* Begin PBXGroup section */
		7B3C95581DD854DE0019464B = {
			isa = PBXGroup;
			children = (
				7B3C95631DD854DF0019464B /* RealmDemo */,
				7B3C95801DD854DF0019464B /* RealmDemoTests */,
				7B3C95621DD854DF0019464B /* Products */,
				7B3C958C1DD855A30019464B /* Frameworks */,
			);
			sourceTree = "<group>";
		};
		7B3C95621DD854DF0019464B /* Products */ = {
			isa = PBXGroup;
			children = (
				7B3C95611DD854DF0019464B /* RealmDemo.app */,
				7B3C957D1DD854DF0019464B /* RealmDemoTests.xctest */,
			);
			name = Products;
			sourceTree = "<group>";
		};
		7B3C95631DD854DF0019464B /* RealmDemo */ = {
			isa = PBXGroup;
			children = (
				7B3C95671DD854DF0019464B /* AppDelegate.h */,
				7B3C95681DD854DF0019464B /* AppDelegate.m */,
				7B3C956A1DD854DF0019464B /* MasterViewController.h */,
				7B3C956B1DD854DF0019464B /* MasterViewController.m */,
				7B3C956D1DD854DF0019464B /* DetailViewController.h */,
				7B3C956E1DD854DF0019464B /* DetailViewController.m */,
				7B3C95701DD854DF0019464B /* Main.storyboard */,
				7B3C95731DD854DF0019464B /* Assets.xcassets */,
				7B3C95751DD854DF0019464B /* LaunchScreen.storyboard */,
				7B3C95781DD854DF0019464B /* Info.plist */,
				7B3C95641DD854DF0019464B /* Supporting Files */,
				7B3C95901DD856B90019464B /* Dog.h */,
				7B3C95911DD856B90019464B /* Dog.m */,
			);
			path = RealmDemo;
			sourceTree = "<group>";
		};
		7B3C95641DD854DF0019464B /* Supporting Files */ = {
			isa = PBXGroup;
			children = (
				7B3C95651DD854DF0019464B /* main.m */,
			);
			name = "Supporting Files";
			sourceTree = "<group>";
		};
		7B3C95801DD854DF0019464B /* RealmDemoTests */ = {
			isa = PBXGroup;
			children = (
				7B3C95811DD854DF0019464B /* RealmDemoTests.m */,
				7B3C95831DD854DF0019464B /* Info.plist */,
			);
			path = RealmDemoTests;
			sourceTree = "<group>";
		};
		7B3C958C1DD855A30019464B /* Frameworks */ = {
			isa = PBXGroup;
			children = (
				7B3C958D1DD855A30019464B /* Realm.framework */,
			);
			name = Frameworks;
			sourceTree = "<group>";
		};
/* End PBXGroup section */

/* Begin PBXNativeTarget section */
		7B3C95601DD854DE0019464B /* RealmDemo */ = {
			isa = PBXNativeTarget;
			buildConfigurationList = 7B3C95861DD854DF0019464B /* Build configuration list for PBXNativeTarget "RealmDemo" */;
			buildPhases = (
				7B3C955D1DD854DE0019464B /* Sources */,
				7B3C955E1DD854DE0019464B /* Frameworks */,
				7B3C955F1DD854DE0019464B /* Resources */,
				7B3C958F1DD855B40019464B /* Carthage */,
				7B725A2B1DDAE2180085D21F /* Embed Frameworks */,
			);
			buildRules = (
			);
			dependencies = (
			);
			name = RealmDemo;
			productName = RealmDemo;
			productReference = 7B3C95611DD854DF0019464B /* RealmDemo.app */;
			productType = "com.apple.product-type.application";
		};
		7B3C957C1DD854DF0019464B /* RealmDemoTests */ = {
			isa = PBXNativeTarget;
			buildConfigurationList = 7B3C95891DD854DF0019464B /* Build configuration list for PBXNativeTarget "RealmDemoTests" */;
			buildPhases = (
				7B3C95791DD854DF0019464B /* Sources */,
				7B3C957A1DD854DF0019464B /* Frameworks */,
				7B3C957B1DD854DF0019464B /* Resources */,
			);
			buildRules = (
			);
			dependencies = (
				7B3C957F1DD854DF0019464B /* PBXTargetDependency */,
			);
			name = RealmDemoTests;
			productName = RealmDemoTests;
			productReference = 7B3C957D1DD854DF0019464B /* RealmDemoTests.xctest */;
			productType = "com.apple.product-type.bundle.unit-test";
		};
/* End PBXNativeTarget section */

/* Begin PBXProject section */
		7B3C95591DD854DE0019464B /* Project object */ = {
			isa = PBXProject;
			attributes = {
				LastUpgradeCheck = 0810;
				ORGANIZATIONNAME = thlife;
				TargetAttributes = {
					7B3C95601DD854DE0019464B = {
						CreatedOnToolsVersion = 8.1;
						DevelopmentTeam = 3NY4G9R477;
						ProvisioningStyle = Automatic;
					};
					7B3C957C1DD854DF0019464B = {
						CreatedOnToolsVersion = 8.1;
						DevelopmentTeam = 3NY4G9R477;
						ProvisioningStyle = Automatic;
						TestTargetID = 7B3C95601DD854DE0019464B;
					};
				};
			};
			buildConfigurationList = 7B3C955C1DD854DE0019464B /* Build configuration list for PBXProject "RealmDemo" */;
			compatibilityVersion = "Xcode 3.2";
			developmentRegion = English;
			hasScannedForEncodings = 0;
			knownRegions = (
				en,
				Base,
			);
			mainGroup = 7B3C95581DD854DE0019464B;
			productRefGroup = 7B3C95621DD854DF0019464B /* Products */;
			projectDirPath = "";
			projectRoot = "";
			targets = (
				7B3C95601DD854DE0019464B /* RealmDemo */,
				7B3C957C1DD854DF0019464B /* RealmDemoTests */,
			);
		};
/* End PBXProject section */

/* Begin PBXResourcesBuildPhase section */
		7B3C955F1DD854DE0019464B /* Resources */ = {
			isa = PBXResourcesBuildPhase;
			buildActionMask = 2147483647;
			files = (
				7B3C95771DD854DF0019464B /* LaunchScreen.storyboard in Resources */,
				7B3C95741DD854DF0019464B /* Assets.xcassets in Resources */,
				7B3C95721DD854DF0019464B /* Main.storyboard in Resources */,
			);
			runOnlyForDeploymentPostprocessing = 0;
		};
		7B3C957B1DD854DF0019464B /* Resources */ = {
			isa = PBXResourcesBuildPhase;
			buildActionMask = 2147483647;
			files = (
			);
			runOnlyForDeploymentPostprocessing = 0;
		};
/* End PBXResourcesBuildPhase section */

/* Begin PBXShellScriptBuildPhase section */
		7B3C958F1DD855B40019464B /* Carthage */ = {
			isa = PBXShellScriptBuildPhase;
			buildActionMask = 2147483647;
			files = (
			);
			inputPaths = (
				"$(SRCROOT)/Carthage/Build/iOS/Realm.framework",
			);
			name = Carthage;
			outputPaths = (
			);
			runOnlyForDeploymentPostprocessing = 0;
			shellPath = /bin/sh;
			shellScript = "/usr/local/bin/carthage copy-frameworks";
		};
/* End PBXShellScriptBuildPhase section */

/* Begin PBXSourcesBuildPhase section */
		7B3C955D1DD854DE0019464B /* Sources */ = {
			isa = PBXSourcesBuildPhase;
			buildActionMask = 2147483647;
			files = (
				7B3C95691DD854DF0019464B /* AppDelegate.m in Sources */,
				7B3C956C1DD854DF0019464B /* MasterViewController.m in Sources */,
				7B3C95921DD856B90019464B /* Dog.m in Sources */,
				7B3C95661DD854DF0019464B /* main.m in Sources */,
				7B3C956F1DD854DF0019464B /* DetailViewController.m in Sources */,
			);
			runOnlyForDeploymentPostprocessing = 0;
		};
		7B3C95791DD854DF0019464B /* Sources */ = {
			isa = PBXSourcesBuildPhase;
			buildActionMask = 2147483647;
			files = (
				7B3C95821DD854DF0019464B /* RealmDemoTests.m in Sources */,
			);
			runOnlyForDeploymentPostprocessing = 0;
		};
/* End PBXSourcesBuildPhase section */

/* Begin PBXTargetDependency section */
		7B3C957F1DD854DF0019464B /* PBXTargetDependency */ = {
			isa = PBXTargetDependency;
			target = 7B3C95601DD854DE0019464B /* RealmDemo */;
			targetProxy = 7B3C957E1DD854DF0019464B /* PBXContainerItemProxy */;
		};
/* End PBXTargetDependency section */

/* Begin PBXVariantGroup section */
		7B3C95701DD854DF0019464B /* Main.storyboard */ = {
			isa = PBXVariantGroup;
			children = (
				7B3C95711DD854DF0019464B /* Base */,
			);
			name = Main.storyboard;
			sourceTree = "<group>";
		};
		7B3C95751DD854DF0019464B /* LaunchScreen.storyboard */ = {
			isa = PBXVariantGroup;
			children = (
				7B3C95761DD854DF0019464B /* Base */,
			);
			name = LaunchScreen.storyboard;
			sourceTree = "<group>";
		};
/* End PBXVariantGroup section */

/* Begin XCBuildConfiguration section */
		7B3C95841DD854DF0019464B /* Debug */ = {
			isa = XCBuildConfiguration;
			buildSettings = {
				ALWAYS_SEARCH_USER_PATHS = NO;
				CLANG_ANALYZER_NONNULL = YES;
				CLANG_CXX_LANGUAGE_STANDARD = "gnu++0x";
				CLANG_CXX_LIBRARY = "libc++";
				CLANG_ENABLE_MODULES = YES;
				CLANG_ENABLE_OBJC_ARC = YES;
				CLANG_WARN_BOOL_CONVERSION = YES;
				CLANG_WARN_CONSTANT_CONVERSION = YES;
				CLANG_WARN_DIRECT_OBJC_ISA_USAGE = YES_ERROR;
				CLANG_WARN_DOCUMENTATION_COMMENTS = YES;
				CLANG_WARN_EMPTY_BODY = YES;
				CLANG_WARN_ENUM_CONVERSION = YES;
				CLANG_WARN_INFINITE_RECURSION = YES;
				CLANG_WARN_INT_CONVERSION = YES;
				CLANG_WARN_OBJC_ROOT_CLASS = YES_ERROR;
				CLANG_WARN_SUSPICIOUS_MOVES = YES;
				CLANG_WARN_UNREACHABLE_CODE = YES;
				CLANG_WARN__DUPLICATE_METHOD_MATCH = YES;
				"CODE_SIGN_IDENTITY[sdk=iphoneos*]" = "iPhone Developer";
				COPY_PHASE_STRIP = NO;
				DEBUG_INFORMATION_FORMAT = dwarf;
				ENABLE_STRICT_OBJC_MSGSEND = YES;
				ENABLE_TESTABILITY = YES;
				GCC_C_LANGUAGE_STANDARD = gnu99;
				GCC_DYNAMIC_NO_PIC = NO;
				GCC_NO_COMMON_BLOCKS = YES;
				GCC_OPTIMIZATION_LEVEL = 0;
				GCC_PREPROCESSOR_DEFINITIONS = (
					"DEBUG=1",
					"$(inherited)",
				);
				GCC_WARN_64_TO_32_BIT_CONVERSION = YES;
				GCC_WARN_ABOUT_RETURN_TYPE = YES_ERROR;
				GCC_WARN_UNDECLARED_SELECTOR = YES;
				GCC_WARN_UNINITIALIZED_AUTOS = YES_AGGRESSIVE;
				GCC_WARN_UNUSED_FUNCTION = YES;
				GCC_WARN_UNUSED_VARIABLE = YES;
				IPHONEOS_DEPLOYMENT_TARGET = 10.1;
				MTL_ENABLE_DEBUG_INFO = YES;
				ONLY_ACTIVE_ARCH = YES;
				SDKROOT = iphoneos;
			};
			name = Debug;
		};
		7B3C95851DD854DF0019464B /* Release */ = {
			isa = XCBuildConfiguration;
			buildSettings = {
				ALWAYS_SEARCH_USER_PATHS = NO;
				CLANG_ANALYZER_NONNULL = YES;
				CLANG_CXX_LANGUAGE_STANDARD = "gnu++0x";
				CLANG_CXX_LIBRARY = "libc++";
				CLANG_ENABLE_MODULES = YES;
				CLANG_ENABLE_OBJC_ARC = YES;
				CLANG_WARN_BOOL_CONVERSION = YES;
				CLANG_WARN_CONSTANT_CONVERSION = YES;
				CLANG_WARN_DIRECT_OBJC_ISA_USAGE = YES_ERROR;
				CLANG_WARN_DOCUMENTATION_COMMENTS = YES;
				CLANG_WARN_EMPTY_BODY = YES;
				CLANG_WARN_ENUM_CONVERSION = YES;
				CLANG_WARN_INFINITE_RECURSION = YES;
				CLANG_WARN_INT_CONVERSION = YES;
				CLANG_WARN_OBJC_ROOT_CLASS = YES_ERROR;
				CLANG_WARN_SUSPICIOUS_MOVES = YES;
				CLANG_WARN_UNREACHABLE_CODE = YES;
				CLANG_WARN__DUPLICATE_METHOD_MATCH = YES;
				"CODE_SIGN_IDENTITY[sdk=iphoneos*]" = "iPhone Developer";
				COPY_PHASE_STRIP = NO;
				DEBUG_INFORMATION_FORMAT = "dwarf-with-dsym";
				ENABLE_NS_ASSERTIONS = NO;
				ENABLE_STRICT_OBJC_MSGSEND = YES;
				GCC_C_LANGUAGE_STANDARD = gnu99;
				GCC_NO_COMMON_BLOCKS = YES;
				GCC_WARN_64_TO_32_BIT_CONVERSION = YES;
				GCC_WARN_ABOUT_RETURN_TYPE = YES_ERROR;
				GCC_WARN_UNDECLARED_SELECTOR = YES;
				GCC_WARN_UNINITIALIZED_AUTOS = YES_AGGRESSIVE;
				GCC_WARN_UNUSED_FUNCTION = YES;
				GCC_WARN_UNUSED_VARIABLE = YES;
				IPHONEOS_DEPLOYMENT_TARGET = 10.1;
				MTL_ENABLE_DEBUG_INFO = NO;
				SDKROOT = iphoneos;
				VALIDATE_PRODUCT = YES;
			};
			name = Release;
		};
		7B3C95871DD854DF0019464B /* Debug */ = {
			isa = XCBuildConfiguration;
			buildSettings = {
				ASSETCATALOG_COMPILER_APPICON_NAME = AppIcon;
				DEVELOPMENT_TEAM = 3NY4G9R477;
				FRAMEWORK_SEARCH_PATHS = (
					"$(inherited)",
					"$(PROJECT_DIR)/Carthage/Build/iOS",
				);
				INFOPLIST_FILE = RealmDemo/Info.plist;
				LD_RUNPATH_SEARCH_PATHS = "$(inherited) @executable_path/Frameworks";
				PRODUCT_BUNDLE_IDENTIFIER = net.thlife.RealmDemo;
				PRODUCT_NAME = "$(TARGET_NAME)";
			};
			name = Debug;
		};
		7B3C95881DD854DF0019464B /* Release */ = {
			isa = XCBuildConfiguration;
			buildSettings = {
				ASSETCATALOG_COMPILER_APPICON_NAME = AppIcon;
				DEVELOPMENT_TEAM = 3NY4G9R477;
				FRAMEWORK_SEARCH_PATHS = (
					"$(inherited)",
					"$(PROJECT_DIR)/Carthage/Build/iOS",
				);
				INFOPLIST_FILE = RealmDemo/Info.plist;
				LD_RUNPATH_SEARCH_PATHS = "$(inherited) @executable_path/Frameworks";
				PRODUCT_BUNDLE_IDENTIFIER = net.thlife.RealmDemo;
				PRODUCT_NAME = "$(TARGET_NAME)";
			};
			name = Release;
		};
		7B3C958A1DD854DF0019464B /* Debug */ = {
			isa = XCBuildConfiguration;
			buildSettings = {
				BUNDLE_LOADER = "$(TEST_HOST)";
				DEVELOPMENT_TEAM = 3NY4G9R477;
				INFOPLIST_FILE = RealmDemoTests/Info.plist;
				LD_RUNPATH_SEARCH_PATHS = "$(inherited) @executable_path/Frameworks @loader_path/Frameworks";
				PRODUCT_BUNDLE_IDENTIFIER = net.thlife.RealmDemoTests;
				PRODUCT_NAME = "$(TARGET_NAME)";
				TEST_HOST = "$(BUILT_PRODUCTS_DIR)/RealmDemo.app/RealmDemo";
			};
			name = Debug;
		};
		7B3C958B1DD854DF0019464B /* Release */ = {
			isa = XCBuildConfiguration;
			buildSettings = {
				BUNDLE_LOADER = "$(TEST_HOST)";
				DEVELOPMENT_TEAM = 3NY4G9R477;
				INFOPLIST_FILE = RealmDemoTests/Info.plist;
				LD_RUNPATH_SEARCH_PATHS = "$(inherited) @executable_path/Frameworks @loader_path/Frameworks";
				PRODUCT_BUNDLE_IDENTIFIER = net.thlife.RealmDemoTests;
				PRODUCT_NAME = "$(TARGET_NAME)";
				TEST_HOST = "$(BUILT_PRODUCTS_DIR)/RealmDemo.app/RealmDemo";
			};
			name = Release;
		};
/* End XCBuildConfiguration section */

/* Begin XCConfigurationList section */
		7B3C955C1DD854DE0019464B /* Build configuration list for PBXProject "RealmDemo" */ = {
			isa = XCConfigurationList;
			buildConfigurations = (
				7B3C95841DD854DF0019464B /* Debug */,
				7B3C95851DD854DF0019464B /* Release */,
			);
			defaultConfigurationIsVisible = 0;
			defaultConfigurationName = Release;
		};
		7B3C95861DD854DF0019464B /* Build configuration list for PBXNativeTarget "RealmDemo" */ = {
			isa = XCConfigurationList;
			buildConfigurations = (
				7B3C95871DD854DF0019464B /* Debug */,
				7B3C95881DD854DF0019464B /* Release */,
			);
			defaultConfigurationIsVisible = 0;
			defaultConfigurationName = Release;
		};
		7B3C95891DD854DF0019464B /* Build configuration list for PBXNativeTarget "RealmDemoTests" */ = {
			isa = XCConfigurationList;
			buildConfigurations = (
				7B3C958A1DD854DF0019464B /* Debug */,
				7B3C958B1DD854DF0019464B /* Release */,
			);
			defaultConfigurationIsVisible = 0;
			defaultConfigurationName = Release;
		};
/* End XCConfigurationList section */
	};
	rootObject = 7B3C95591DD854DE0019464B /* Project object */;
}
